{
  "name": "frontend",
  "lockfileVersion": 3,
  "requires": true,
  "packages": {
    "": {
      "dependencies": {
        "tutoring-toolbox-backend": "file:.."
      }
    },
    "..": {
      "name": "tutoring-toolbox-backend",
      "version": "0.1.0",
      "dependencies": {
        "@fastify/cors": "^10.1.0",
        "@fastify/jwt": "^9.1.0",
        "@prisma/client": "^6.3.1",
        "bcrypt": "^6.0.0",
        "fastify": "^5.2.0",
        "fastify-plugin": "^5.0.1",
        "tutoring-toolbox": "file:..",
        "zod": "^3.24.1"
      },
      "devDependencies": {
        "@types/bcrypt": "^6.0.0",
        "@types/node": "^22.13.1",
        "prisma": "^6.3.1",
        "tsx": "^4.19.2",
        "typescript": "^5.7.3",
        "vitest": "^3.0.7"
      }
    },
    "node_modules/tutoring-toolbox-backend": {
      "resolved": "..",
      "link": true
    }
  }
}
